
Microsoft Visual Studio Solution File, Format Version 12.00
# Visual Studio Version 16
VisualStudioVersion = 16.0.29613.14
MinimumVisualStudioVersion = 10.0.40219.1
Project("{2150E333-8FDC-42A3-9474-1A3956D46DE8}") = "Solution Items", "Solution Items", "{97A766BA-D37B-4D09-B45D-0A1822009C60}"
	ProjectSection(SolutionItems) = preProject
		OFL.txt = OFL.txt
		Readme.md = Readme.md
		Screenshot_Abdomen.png = Screenshot_Abdomen.png
		Screenshot_Arm.png = Screenshot_Arm.png
		Screenshot_Arm_Bone.png = Screenshot_Arm_Bone.png
	EndProjectSection
EndProject
Project("{F2A71F9B-5D33-465A-A702-920D77279786}") = "ReConstruct.UI.Core", "ReConstruct.UI.Core\ReConstruct.UI.Core.fsproj", "{6544C821-3F1F-47EF-895B-6E6ED3B7682A}"
EndProject
Project("{F2A71F9B-5D33-465A-A702-920D77279786}") = "ReConstruct.UI.Views", "ReConstruct.UI.Views\ReConstruct.UI.Views.fsproj", "{F5E1AAC3-6FDF-4490-BF90-C0E2B63DC483}"
EndProject
Project("{F2A71F9B-5D33-465A-A702-920D77279786}") = "ReConstruct.UI.Controllers", "ReConstruct.UI.Controllers\ReConstruct.UI.Controllers.fsproj", "{EDB63C1E-35C2-4D44-B016-7831566BFC2D}"
EndProject
Project("{F2A71F9B-5D33-465A-A702-920D77279786}") = "ReConstruct.UI", "ReConstruct.UI\ReConstruct.UI.fsproj", "{5E146826-2710-440D-986C-837D502D1F5D}"
EndProject
Project("{F2A71F9B-5D33-465A-A702-920D77279786}") = "ReConstruct.Core", "ReConstruct.Core\ReConstruct.Core.fsproj", "{B0A2B3AE-2330-4DBD-875E-E5392A029344}"
EndProject
Project("{F2A71F9B-5D33-465A-A702-920D77279786}") = "ReConstruct.Data.Dicom", "ReConstruct.Data.Dicom\ReConstruct.Data.Dicom.fsproj", "{4E7708EC-AD01-41F8-B544-845599F82458}"
EndProject
Project("{F2A71F9B-5D33-465A-A702-920D77279786}") = "ReConstruct.Geometry", "ReConstruct.Geometry\ReConstruct.Geometry.fsproj", "{F7AF48CE-33E6-43D5-AEA9-7EBB16624BAB}"
EndProject
Project("{F2A71F9B-5D33-465A-A702-920D77279786}") = "ReConstruct.Services", "ReConstruct.Services\ReConstruct.Services.fsproj", "{E15B045C-48DB-456C-870D-B1CC2FBD134A}"
EndProject
Project("{F2A71F9B-5D33-465A-A702-920D77279786}") = "ReConstruct.Render.OpenGL", "ReConstruct.Render.OpenGL\ReConstruct.Render.OpenGL.fsproj", "{33D48291-C6EE-4749-A09A-3A15627D7E34}"
EndProject
Project("{F2A71F9B-5D33-465A-A702-920D77279786}") = "ReConstruct.Render", "ReConstruct.Render\ReConstruct.Render.fsproj", "{79A5DAF8-E0FA-436B-B221-D4F84C0A3C03}"
EndProject
Project("{F2A71F9B-5D33-465A-A702-920D77279786}") = "ReConstruct.UI.Controls", "ReConstruct.UI.Controls\ReConstruct.UI.Controls.fsproj", "{C824FB8E-B8BD-4BD4-A2BE-60E87C0E5A6D}"
EndProject
Project("{F2A71F9B-5D33-465A-A702-920D77279786}") = "ReConstruct.UI.Assets", "ReConstruct.UI.Assets\ReConstruct.UI.Assets.fsproj", "{A30E5E6E-B66F-4E41-AD72-AA0FFA0964C4}"
EndProject
Global
	GlobalSection(SolutionConfigurationPlatforms) = preSolution
		Debug|Any CPU = Debug|Any CPU
		Release|Any CPU = Release|Any CPU
	EndGlobalSection
	GlobalSection(ProjectConfigurationPlatforms) = postSolution
		{6544C821-3F1F-47EF-895B-6E6ED3B7682A}.Debug|Any CPU.ActiveCfg = Debug|Any CPU
		{6544C821-3F1F-47EF-895B-6E6ED3B7682A}.Debug|Any CPU.Build.0 = Debug|Any CPU
		{6544C821-3F1F-47EF-895B-6E6ED3B7682A}.Release|Any CPU.ActiveCfg = Release|Any CPU
		{6544C821-3F1F-47EF-895B-6E6ED3B7682A}.Release|Any CPU.Build.0 = Release|Any CPU
		{F5E1AAC3-6FDF-4490-BF90-C0E2B63DC483}.Debug|Any CPU.ActiveCfg = Debug|Any CPU
		{F5E1AAC3-6FDF-4490-BF90-C0E2B63DC483}.Debug|Any CPU.Build.0 = Debug|Any CPU
		{F5E1AAC3-6FDF-4490-BF90-C0E2B63DC483}.Release|Any CPU.ActiveCfg = Release|Any CPU
		{F5E1AAC3-6FDF-4490-BF90-C0E2B63DC483}.Release|Any CPU.Build.0 = Release|Any CPU
		{EDB63C1E-35C2-4D44-B016-7831566BFC2D}.Debug|Any CPU.ActiveCfg = Debug|Any CPU
		{EDB63C1E-35C2-4D44-B016-7831566BFC2D}.Debug|Any CPU.Build.0 = Debug|Any CPU
		{EDB63C1E-35C2-4D44-B016-7831566BFC2D}.Release|Any CPU.ActiveCfg = Release|Any CPU
		{EDB63C1E-35C2-4D44-B016-7831566BFC2D}.Release|Any CPU.Build.0 = Release|Any CPU
		{5E146826-2710-440D-986C-837D502D1F5D}.Debug|Any CPU.ActiveCfg = Debug|Any CPU
		{5E146826-2710-440D-986C-837D502D1F5D}.Debug|Any CPU.Build.0 = Debug|Any CPU
		{5E146826-2710-440D-986C-837D502D1F5D}.Release|Any CPU.ActiveCfg = Release|Any CPU
		{5E146826-2710-440D-986C-837D502D1F5D}.Release|Any CPU.Build.0 = Release|Any CPU
		{B0A2B3AE-2330-4DBD-875E-E5392A029344}.Debug|Any CPU.ActiveCfg = Debug|Any CPU
		{B0A2B3AE-2330-4DBD-875E-E5392A029344}.Debug|Any CPU.Build.0 = Debug|Any CPU
		{B0A2B3AE-2330-4DBD-875E-E5392A029344}.Release|Any CPU.ActiveCfg = Release|Any CPU
		{B0A2B3AE-2330-4DBD-875E-E5392A029344}.Release|Any CPU.Build.0 = Release|Any CPU
		{4E7708EC-AD01-41F8-B544-845599F82458}.Debug|Any CPU.ActiveCfg = Debug|Any CPU
		{4E7708EC-AD01-41F8-B544-845599F82458}.Debug|Any CPU.Build.0 = Debug|Any CPU
		{4E7708EC-AD01-41F8-B544-845599F82458}.Release|Any CPU.ActiveCfg = Release|Any CPU
		{4E7708EC-AD01-41F8-B544-845599F82458}.Release|Any CPU.Build.0 = Release|Any CPU
		{F7AF48CE-33E6-43D5-AEA9-7EBB16624BAB}.Debug|Any CPU.ActiveCfg = Debug|Any CPU
		{F7AF48CE-33E6-43D5-AEA9-7EBB16624BAB}.Debug|Any CPU.Build.0 = Debug|Any CPU
		{F7AF48CE-33E6-43D5-AEA9-7EBB16624BAB}.Release|Any CPU.ActiveCfg = Release|Any CPU
		{F7AF48CE-33E6-43D5-AEA9-7EBB16624BAB}.Release|Any CPU.Build.0 = Release|Any CPU
		{E15B045C-48DB-456C-870D-B1CC2FBD134A}.Debug|Any CPU.ActiveCfg = Debug|Any CPU
		{E15B045C-48DB-456C-870D-B1CC2FBD134A}.Debug|Any CPU.Build.0 = Debug|Any CPU
		{E15B045C-48DB-456C-870D-B1CC2FBD134A}.Release|Any CPU.ActiveCfg = Release|Any CPU
		{E15B045C-48DB-456C-870D-B1CC2FBD134A}.Release|Any CPU.Build.0 = Release|Any CPU
		{33D48291-C6EE-4749-A09A-3A15627D7E34}.Debug|Any CPU.ActiveCfg = Debug|Any CPU
		{33D48291-C6EE-4749-A09A-3A15627D7E34}.Debug|Any CPU.Build.0 = Debug|Any CPU
		{33D48291-C6EE-4749-A09A-3A15627D7E34}.Release|Any CPU.ActiveCfg = Release|Any CPU
		{33D48291-C6EE-4749-A09A-3A15627D7E34}.Release|Any CPU.Build.0 = Release|Any CPU
		{79A5DAF8-E0FA-436B-B221-D4F84C0A3C03}.Debug|Any CPU.ActiveCfg = Debug|Any CPU
		{79A5DAF8-E0FA-436B-B221-D4F84C0A3C03}.Debug|Any CPU.Build.0 = Debug|Any CPU
		{79A5DAF8-E0FA-436B-B221-D4F84C0A3C03}.Release|Any CPU.ActiveCfg = Release|Any CPU
		{79A5DAF8-E0FA-436B-B221-D4F84C0A3C03}.Release|Any CPU.Build.0 = Release|Any CPU
		{C824FB8E-B8BD-4BD4-A2BE-60E87C0E5A6D}.Debug|Any CPU.ActiveCfg = Debug|Any CPU
		{C824FB8E-B8BD-4BD4-A2BE-60E87C0E5A6D}.Debug|Any CPU.Build.0 = Debug|Any CPU
		{C824FB8E-B8BD-4BD4-A2BE-60E87C0E5A6D}.Release|Any CPU.ActiveCfg = Release|Any CPU
		{C824FB8E-B8BD-4BD4-A2BE-60E87C0E5A6D}.Release|Any CPU.Build.0 = Release|Any CPU
		{A30E5E6E-B66F-4E41-AD72-AA0FFA0964C4}.Debug|Any CPU.ActiveCfg = Debug|Any CPU
		{A30E5E6E-B66F-4E41-AD72-AA0FFA0964C4}.Debug|Any CPU.Build.0 = Debug|Any CPU
		{A30E5E6E-B66F-4E41-AD72-AA0FFA0964C4}.Release|Any CPU.ActiveCfg = Release|Any CPU
		{A30E5E6E-B66F-4E41-AD72-AA0FFA0964C4}.Release|Any CPU.Build.0 = Release|Any CPU
	EndGlobalSection
	GlobalSection(SolutionProperties) = preSolution
		HideSolutionNode = FALSE
	EndGlobalSection
	GlobalSection(ExtensibilityGlobals) = postSolution
		SolutionGuid = {6DFED87C-8068-4377-A339-714F2F98BFDA}
	EndGlobalSection
EndGlobal
